
Microsoft Visual Studio Solution File, Format Version 12.00
# Visual Studio Version 17
VisualStudioVersion = 17.11.35303.130
MinimumVisualStudioVersion = 10.0.40219.1
Project("{FAE04EC0-301F-11D3-BF4B-00C04F79EFBC}") = "23DH111507_MyStore", "23DH111507_MyStore\23DH111507_MyStore.csproj", "{A972D6B8-D5BA-47B4-9AF1-E34742451908}"
EndProject
Global
	GlobalSection(SolutionConfigurationPlatforms) = preSolution
		Debug|Any CPU = Debug|Any CPU
		Release|Any CPU = Release|Any CPU
	EndGlobalSection
	GlobalSection(ProjectConfigurationPlatforms) = postSolution
		{A972D6B8-D5BA-47B4-9AF1-E34742451908}.Debug|Any CPU.ActiveCfg = Debug|Any CPU
		{A972D6B8-D5BA-47B4-9AF1-E34742451908}.Debug|Any CPU.Build.0 = Debug|Any CPU
		{A972D6B8-D5BA-47B4-9AF1-E34742451908}.Release|Any CPU.ActiveCfg = Release|Any CPU
		{A972D6B8-D5BA-47B4-9AF1-E34742451908}.Release|Any CPU.Build.0 = Release|Any CPU
	EndGlobalSection
	GlobalSection(SolutionProperties) = preSolution
		HideSolutionNode = FALSE
	EndGlobalSection
	GlobalSection(ExtensibilityGlobals) = postSolution
		SolutionGuid = {7BFF4C49-20AB-4B73-A0D8-896270F6B226}
	EndGlobalSection
EndGlobal
